<?xml version="1.0" encoding="utf-8"?>
<Project ToolsVersion="4.0" xmlns="http://schemas.microsoft.com/developer/msbuild/2003">
  <ItemGroup>
    <Filter Include="源文件">
      <UniqueIdentifier>{4FC737F1-C7A5-4376-A066-2A32D752A2FF}</UniqueIdentifier>
      <Extensions>cpp;c;cc;cxx;def;odl;idl;hpj;bat;asm;asmx</Extensions>
    </Filter>
    <Filter Include="头文件">
      <UniqueIdentifier>{93995380-89BD-4b04-88EB-625FBE52EBFB}</UniqueIdentifier>
      <Extensions>h;hh;hpp;hxx;hm;inl;inc;xsd</Extensions>
    </Filter>
    <Filter Include="资源文件">
      <UniqueIdentifier>{67DA6AB6-F800-4c08-8B7A-83BB121AAD01}</UniqueIdentifier>
      <Extensions>rc;ico;cur;bmp;dlg;rc2;rct;bin;rgs;gif;jpg;jpeg;jpe;resx;tiff;tif;png;wav;mfcribbon-ms</Extensions>
    </Filter>
  </ItemGroup>
  <ItemGroup>
    <Text Include="ReadMe.txt" />
  </ItemGroup>
  <ItemGroup>
    <ClInclude Include="ManagerSys.h">
      <Filter>头文件</Filter>
    </ClInclude>
    <ClInclude Include="stdafx.h">
      <Filter>头文件</Filter>
    </ClInclude>
    <ClInclude Include="targetver.h">
      <Filter>头文件</Filter>
    </ClInclude>
    <ClInclude Include="Resource.h">
      <Filter>头文件</Filter>
    </ClInclude>
    <ClInclude Include="LoginDlg.h">
      <Filter>头文件</Filter>
    </ClInclude>
    <ClInclude Include="MainFrame.h">
      <Filter>头文件</Filter>
    </ClInclude>
    <ClInclude Include="StoreMgrDlg.h">
      <Filter>头文件</Filter>
    </ClInclude>
    <ClInclude Include="UserMgrDlg.h">
      <Filter>头文件</Filter>
    </ClInclude>
    <ClInclude Include="SaleRecordDlg.h">
      <Filter>头文件</Filter>
    </ClInclude>
    <ClInclude Include="PurchaseDlg.h">
      <Filter>头文件</Filter>
    </ClInclude>
    <ClInclude Include="SortDlg.h">
      <Filter>头文件</Filter>
    </ClInclude>
    <ClInclude Include="list.h">
      <Filter>头文件</Filter>
    </ClInclude>
    <ClInclude Include="user.h">
      <Filter>头文件</Filter>
    </ClInclude>
    <ClInclude Include="stock.h">
      <Filter>头文件</Filter>
    </ClInclude>
    <ClInclude Include="AddGoodsDlg.h">
      <Filter>头文件</Filter>
    </ClInclude>
    <ClInclude Include="SaleRecord.h">
      <Filter>头文件</Filter>
    </ClInclude>
    <ClInclude Include="SellDlg.h">
      <Filter>头文件</Filter>
    </ClInclude>
    <ClInclude Include="PurchaseRecord.h">
      <Filter>头文件</Filter>
    </ClInclude>
    <ClInclude Include="PurcsDlg.h">
      <Filter>头文件</Filter>
    </ClInclude>
    <ClInclude Include="AboutDlg.h">
      <Filter>头文件</Filter>
    </ClInclude>
    <ClInclude Include="StatisticsDlg.h">
      <Filter>头文件</Filter>
    </ClInclude>
    <ClInclude Include="ChangeGoodsDlg.h">
      <Filter>头文件</Filter>
    </ClInclude>
    <ClInclude Include="TendencyDlg.h">
      <Filter>头文件</Filter>
    </ClInclude>
  </ItemGroup>
  <ItemGroup>
    <ClCompile Include="ManagerSys.cpp">
      <Filter>源文件</Filter>
    </ClCompile>
    <ClCompile Include="stdafx.cpp">
      <Filter>源文件</Filter>
    </ClCompile>
    <ClCompile Include="LoginDlg.cpp">
      <Filter>源文件</Filter>
    </ClCompile>
    <ClCompile Include="MainFrame.cpp">
      <Filter>源文件</Filter>
    </ClCompile>
    <ClCompile Include="StoreMgrDlg.cpp">
      <Filter>源文件</Filter>
    </ClCompile>
    <ClCompile Include="UserMgrDlg.cpp">
      <Filter>源文件</Filter>
    </ClCompile>
    <ClCompile Include="SaleRecordDlg.cpp">
      <Filter>源文件</Filter>
    </ClCompile>
    <ClCompile Include="PurchaseDlg.cpp">
      <Filter>源文件</Filter>
    </ClCompile>
    <ClCompile Include="SortDlg.cpp">
      <Filter>源文件</Filter>
    </ClCompile>
    <ClCompile Include="list.cpp">
      <Filter>源文件</Filter>
    </ClCompile>
    <ClCompile Include="user.cpp">
      <Filter>源文件</Filter>
    </ClCompile>
    <ClCompile Include="stock.cpp">
      <Filter>源文件</Filter>
    </ClCompile>
    <ClCompile Include="AddGoodsDlg.cpp">
      <Filter>源文件</Filter>
    </ClCompile>
    <ClCompile Include="SaleRecord.cpp">
      <Filter>源文件</Filter>
    </ClCompile>
    <ClCompile Include="SellDlg.cpp">
      <Filter>源文件</Filter>
    </ClCompile>
    <ClCompile Include="PurchaseRecord.cpp">
      <Filter>源文件</Filter>
    </ClCompile>
    <ClCompile Include="PurcsDlg.cpp">
      <Filter>源文件</Filter>
    </ClCompile>
    <ClCompile Include="AboutDlg.cpp">
      <Filter>源文件</Filter>
    </ClCompile>
    <ClCompile Include="StatisticsDlg.cpp">
      <Filter>源文件</Filter>
    </ClCompile>
    <ClCompile Include="ChangeGoodsDlg.cpp">
      <Filter>源文件</Filter>
    </ClCompile>
    <ClCompile Include="TendencyDlg.cpp">
      <Filter>源文件</Filter>
    </ClCompile>
  </ItemGroup>
  <ItemGroup>
    <ResourceCompile Include="ManagerSys.rc">
      <Filter>资源文件</Filter>
    </ResourceCompile>
  </ItemGroup>
  <ItemGroup>
    <None Include="res\ManagerSys.rc2">
      <Filter>资源文件</Filter>
    </None>
  </ItemGroup>
  <ItemGroup>
    <Image Include="res\ManagerSys.ico">
      <Filter>资源文件</Filter>
    </Image>
    <Image Include="res\icon1.ico">
      <Filter>资源文件</Filter>
    </Image>
    <Image Include="res\pass.ico">
      <Filter>资源文件</Filter>
    </Image>
    <Image Include="res\user.ico">
      <Filter>资源文件</Filter>
    </Image>
    <Image Include="res\icon3.ico">
      <Filter>资源文件</Filter>
    </Image>
    <Image Include="res\users.ico">
      <Filter>资源文件</Filter>
    </Image>
    <Image Include="res\toolbar1.bmp">
      <Filter>资源文件</Filter>
    </Image>
    <Image Include="res\help.ico">
      <Filter>资源文件</Filter>
    </Image>
    <Image Include="res\stock.ico">
      <Filter>资源文件</Filter>
    </Image>
    <Image Include="res\Icon_15.ico">
      <Filter>资源文件</Filter>
    </Image>
    <Image Include="res\Icon_16.ico">
      <Filter>资源文件</Filter>
    </Image>
    <Image Include="res\records1.ico">
      <Filter>资源文件</Filter>
    </Image>
    <Image Include="res\icon7.ico">
      <Filter>资源文件</Filter>
    </Image>
    <Image Include="res\records2.ico">
      <Filter>资源文件</Filter>
    </Image>
    <Image Include="res\icon8.ico">
      <Filter>资源文件</Filter>
    </Image>
    <Image Include="res\tendency.ico">
      <Filter>资源文件</Filter>
    </Image>
    <Image Include="res\icon9.ico">
      <Filter>资源文件</Filter>
    </Image>
    <Image Include="res\icon.ico">
      <Filter>资源文件</Filter>
    </Image>
  </ItemGroup>
</Project>